
Microsoft Visual Studio Solution File, Format Version 12.00
# Visual Studio Version 17
VisualStudioVersion = 17.11.35303.130
MinimumVisualStudioVersion = 10.0.40219.1
Project("{FAE04EC0-301F-11D3-BF4B-00C04F79EFBC}") = "Quan_Ly_Do_An", "Quan_Ly_Do_An\Quan_Ly_Do_An.csproj", "{603BAB31-F802-4599-A8CA-A26D41EDFFD5}"
EndProject
Global
	GlobalSection(SolutionConfigurationPlatforms) = preSolution
		Debug|Any CPU = Debug|Any CPU
		Release|Any CPU = Release|Any CPU
	EndGlobalSection
	GlobalSection(ProjectConfigurationPlatforms) = postSolution
		{603BAB31-F802-4599-A8CA-A26D41EDFFD5}.Debug|Any CPU.ActiveCfg = Debug|Any CPU
		{603BAB31-F802-4599-A8CA-A26D41EDFFD5}.Debug|Any CPU.Build.0 = Debug|Any CPU
		{603BAB31-F802-4599-A8CA-A26D41EDFFD5}.Release|Any CPU.ActiveCfg = Release|Any CPU
		{603BAB31-F802-4599-A8CA-A26D41EDFFD5}.Release|Any CPU.Build.0 = Release|Any CPU
	EndGlobalSection
	GlobalSection(SolutionProperties) = preSolution
		HideSolutionNode = FALSE
	EndGlobalSection
	GlobalSection(ExtensibilityGlobals) = postSolution
		SolutionGuid = {1CE3B53F-7B80-4903-B654-223E68C0541E}
	EndGlobalSection
EndGlobal
